
Microsoft Visual Studio Solution File, Format Version 12.00
# Visual Studio 15
VisualStudioVersion = 15.0.27130.2024
MinimumVisualStudioVersion = 10.0.40219.1
Project("{FAE04EC0-301F-11D3-BF4B-00C04F79EFBC}") = "LeetCodeProjects", "LeetCodeProjects\LeetCodeProjects.csproj", "{8D7096C3-4806-4BD8-BB80-126BF774AC9B}"
EndProject
Project("{FAE04EC0-301F-11D3-BF4B-00C04F79EFBC}") = "UnitTests", "UnitTests\UnitTests.csproj", "{D1C62EE2-4BEB-4284-9EF7-71BCCDC9B5DE}"
EndProject
Global
	GlobalSection(SolutionConfigurationPlatforms) = preSolution
		Debug|Any CPU = Debug|Any CPU
		Release|Any CPU = Release|Any CPU
	EndGlobalSection
	GlobalSection(ProjectConfigurationPlatforms) = postSolution
		{8D7096C3-4806-4BD8-BB80-126BF774AC9B}.Debug|Any CPU.ActiveCfg = Debug|Any CPU
		{8D7096C3-4806-4BD8-BB80-126BF774AC9B}.Debug|Any CPU.Build.0 = Debug|Any CPU
		{8D7096C3-4806-4BD8-BB80-126BF774AC9B}.Release|Any CPU.ActiveCfg = Release|Any CPU
		{8D7096C3-4806-4BD8-BB80-126BF774AC9B}.Release|Any CPU.Build.0 = Release|Any CPU
		{D1C62EE2-4BEB-4284-9EF7-71BCCDC9B5DE}.Debug|Any CPU.ActiveCfg = Debug|Any CPU
		{D1C62EE2-4BEB-4284-9EF7-71BCCDC9B5DE}.Debug|Any CPU.Build.0 = Debug|Any CPU
		{D1C62EE2-4BEB-4284-9EF7-71BCCDC9B5DE}.Release|Any CPU.ActiveCfg = Release|Any CPU
		{D1C62EE2-4BEB-4284-9EF7-71BCCDC9B5DE}.Release|Any CPU.Build.0 = Release|Any CPU
	EndGlobalSection
	GlobalSection(SolutionProperties) = preSolution
		HideSolutionNode = FALSE
	EndGlobalSection
	GlobalSection(ExtensibilityGlobals) = postSolution
		SolutionGuid = {5F1894EA-D4E9-425D-860C-91EB892260E7}
	EndGlobalSection
EndGlobal
